
Microsoft Visual Studio Solution File, Format Version 12.00
# Visual Studio Version 17
VisualStudioVersion = 17.12.35209.166
MinimumVisualStudioVersion = 10.0.40219.1
Project("{FAE04EC0-301F-11D3-BF4B-00C04F79EFBC}") = "NZWalksAPI", "NZWalksAPI\NZWalksAPI.csproj", "{0D7CA5E6-FE8C-4959-8E39-D0D248864FE4}"
EndProject
Global
	GlobalSection(SolutionConfigurationPlatforms) = preSolution
		Debug|Any CPU = Debug|Any CPU
		Release|Any CPU = Release|Any CPU
	EndGlobalSection
	GlobalSection(ProjectConfigurationPlatforms) = postSolution
		{0D7CA5E6-FE8C-4959-8E39-D0D248864FE4}.Debug|Any CPU.ActiveCfg = Debug|Any CPU
		{0D7CA5E6-FE8C-4959-8E39-D0D248864FE4}.Debug|Any CPU.Build.0 = Debug|Any CPU
		{0D7CA5E6-FE8C-4959-8E39-D0D248864FE4}.Release|Any CPU.ActiveCfg = Release|Any CPU
		{0D7CA5E6-FE8C-4959-8E39-D0D248864FE4}.Release|Any CPU.Build.0 = Release|Any CPU
	EndGlobalSection
	GlobalSection(SolutionProperties) = preSolution
		HideSolutionNode = FALSE
	EndGlobalSection
	GlobalSection(ExtensibilityGlobals) = postSolution
		SolutionGuid = {9EFE00F2-4903-4362-BA37-F891822ED147}
	EndGlobalSection
EndGlobal
